# THIS IS AN AUTOGENERATED FILE. DO NOT EDIT THIS FILE DIRECTLY.
# yarn lockfile v1


types-for-adobe@^7.0.12:
  version "7.0.12"
  resolved "https://registry.yarnpkg.com/types-for-adobe/-/types-for-adobe-7.0.12.tgz#0de100688267b5801a801db4290e9af4f2a0f22e"
  integrity sha512-J45QGDJYI0OjxzvxaVmDypOJD4aVSP+ElB2m2HTuVJGkYa+0ED0sNTIfmla/46c6gZBUFcDVO2EvZ3hqT5gcnw==

typescript@^5.2.2:
  version "5.2.2"
  resolved "https://registry.yarnpkg.com/typescript/-/typescript-5.2.2.tgz#5ebb5e5a5b75f085f22bc3f8460fba308310fa78"
  integrity sha512-mI4WrpHsbCIcwT9cF4FZvr80QUeKvsUsUvKDoR+X/7XHQH98xYD8YHZg7ANtz2GtZt/CBq2QJ0thkGJMHfqc1w==
